
Microsoft Visual Studio Solution File, Format Version 12.00
# Visual Studio Version 17
VisualStudioVersion = 17.1.32210.238
MinimumVisualStudioVersion = 10.0.40219.1
Project("{FAE04EC0-301F-11D3-BF4B-00C04F79EFBC}") = "Projeto_1", "Projeto_1\Projeto_1.csproj", "{6BC079D9-2048-4D03-B989-168F898F8FF3}"
EndProject
Global
	GlobalSection(SolutionConfigurationPlatforms) = preSolution
		Debug|Any CPU = Debug|Any CPU
		Release|Any CPU = Release|Any CPU
	EndGlobalSection
	GlobalSection(ProjectConfigurationPlatforms) = postSolution
		{6BC079D9-2048-4D03-B989-168F898F8FF3}.Debug|Any CPU.ActiveCfg = Debug|Any CPU
		{6BC079D9-2048-4D03-B989-168F898F8FF3}.Debug|Any CPU.Build.0 = Debug|Any CPU
		{6BC079D9-2048-4D03-B989-168F898F8FF3}.Release|Any CPU.ActiveCfg = Release|Any CPU
		{6BC079D9-2048-4D03-B989-168F898F8FF3}.Release|Any CPU.Build.0 = Release|Any CPU
	EndGlobalSection
	GlobalSection(SolutionProperties) = preSolution
		HideSolutionNode = FALSE
	EndGlobalSection
	GlobalSection(ExtensibilityGlobals) = postSolution
		SolutionGuid = {951F12BB-E5B0-4EB8-BF88-84BCC7CF3065}
	EndGlobalSection
EndGlobal
